// !$*UTF8*$!
{
	archiveVersion = 1;
	classes = {
	};
	objectVersion = 56;
	objects = {

/* Begin PBXBuildFile section */
		B2000001 /* ToxicityThresholdsTests.swift in Sources */ = {isa = PBXBuildFile; fileRef = B1000001 /* ToxicityThresholdsTests.swift */; };
		B2000002 /* DetectionPresentationTests.swift in Sources */ = {isa = PBXBuildFile; fileRef = B1000002 /* DetectionPresentationTests.swift */; };
		B2000003 /* AlertEngineTests.swift in Sources */ = {isa = PBXBuildFile; fileRef = B1000003 /* AlertEngineTests.swift */; };
		B2000004 /* CaptureEngineTests.swift in Sources */ = {isa = PBXBuildFile; fileRef = B1000004 /* CaptureEngineTests.swift */; };
		A10000001 /* LeafAlertApp.swift in Sources */ = {isa = PBXBuildFile; fileRef = A20000001; };
		A10000002 /* AppState.swift in Sources */ = {isa = PBXBuildFile; fileRef = A20000002; };
		A10000003 /* CaptureEngine.swift in Sources */ = {isa = PBXBuildFile; fileRef = A20000003; };
		A10000004 /* InferenceEngine.swift in Sources */ = {isa = PBXBuildFile; fileRef = A20000004; };
		A10000005 /* AlertEngine.swift in Sources */ = {isa = PBXBuildFile; fileRef = A20000005; };
		A10000006 /* DetectionLogStore.swift in Sources */ = {isa = PBXBuildFile; fileRef = A20000006; };
		A10000007 /* HomeView.swift in Sources */ = {isa = PBXBuildFile; fileRef = A20000007; };
		A10000008 /* PatrolView.swift in Sources */ = {isa = PBXBuildFile; fileRef = A20000008; };
		A10000009 /* AROverlayView.swift in Sources */ = {isa = PBXBuildFile; fileRef = A20000009; };
		A10000010 /* PatrolMapView.swift in Sources */ = {isa = PBXBuildFile; fileRef = A20000010; };
		A10000011 /* PlantDetailView.swift in Sources */ = {isa = PBXBuildFile; fileRef = A20000011; };
		A10000012 /* SettingsView.swift in Sources */ = {isa = PBXBuildFile; fileRef = A20000012; };
		A10000013 /* DetectionResult.swift in Sources */ = {isa = PBXBuildFile; fileRef = A20000013; };
		A10000014 /* DetectionLog.swift in Sources */ = {isa = PBXBuildFile; fileRef = A20000014; };
		A10000015 /* PlantInfo.swift in Sources */ = {isa = PBXBuildFile; fileRef = A20000015; };
		A10000016 /* DetectionFormatting.swift in Sources */ = {isa = PBXBuildFile; fileRef = A20000017; };
		A10000018 /* FeedbackExporter.swift in Sources */ = {isa = PBXBuildFile; fileRef = A20000018; };
		A10000019 /* DebugDashboardView.swift in Sources */ = {isa = PBXBuildFile; fileRef = A20000019; };
		A10000020 /* CameraPreviewView.swift in Sources */ = {isa = PBXBuildFile; fileRef = A20000020; };
		A10000021 /* BoundingBoxOverlay.swift in Sources */ = {isa = PBXBuildFile; fileRef = A20000021; };
		A10000022 /* FeedbackUploader.swift in Sources */ = {isa = PBXBuildFile; fileRef = A20000022; };
		A10000023 /* DebugFrameSaver.swift in Sources */ = {isa = PBXBuildFile; fileRef = A20000023; };
		A10000024 /* DebugCaptureReviewView.swift in Sources */ = {isa = PBXBuildFile; fileRef = A20000024; };
		A10000025 /* DataRecorder.swift in Sources */ = {isa = PBXBuildFile; fileRef = A20000025; };
		B10000001 /* AVFoundation.framework in Frameworks */ = {isa = PBXBuildFile; fileRef = B20000001; };
		B10000002 /* Vision.framework in Frameworks */ = {isa = PBXBuildFile; fileRef = B20000002; };
		B10000003 /* CoreML.framework in Frameworks */ = {isa = PBXBuildFile; fileRef = B20000003; };
		B10000004 /* ARKit.framework in Frameworks */ = {isa = PBXBuildFile; fileRef = B20000004; };
		B10000005 /* RealityKit.framework in Frameworks */ = {isa = PBXBuildFile; fileRef = B20000005; };
		B10000006 /* MapKit.framework in Frameworks */ = {isa = PBXBuildFile; fileRef = B20000006; };
		B10000007 /* CoreLocation.framework in Frameworks */ = {isa = PBXBuildFile; fileRef = B20000007; };
		B10000008 /* CoreMotion.framework in Frameworks */ = {isa = PBXBuildFile; fileRef = B20000008; };
		B10000009 /* AudioToolbox.framework in Frameworks */ = {isa = PBXBuildFile; fileRef = B20000009; };
		B10000010 /* Assets.xcassets in Resources */ = {isa = PBXBuildFile; fileRef = B20000010; };
		C10000001 /* PlantDetector.mlpackage in Sources */ = {isa = PBXBuildFile; fileRef = C20000001; };
		C2000001 /* LaunchRouteSmokeTests.swift in Sources */ = {isa = PBXBuildFile; fileRef = C1000001 /* LaunchRouteSmokeTests.swift */; };
/* End PBXBuildFile section */

/* Begin PBXContainerItemProxy section */
		B8000002 /* PBXContainerItemProxy */ = {
			isa = PBXContainerItemProxy;
			containerPortal = AA0000001 /* Project object */;
			proxyType = 1;
			remoteGlobalIDString = A60000001;
			remoteInfo = LeafAlert;
		};
		C8000002 /* PBXContainerItemProxy */ = {
			isa = PBXContainerItemProxy;
			containerPortal = AA0000001 /* Project object */;
			proxyType = 1;
			remoteGlobalIDString = A60000001;
			remoteInfo = LeafAlert;
		};
/* End PBXContainerItemProxy section */

/* Begin PBXFileReference section */
		B1000001 /* ToxicityThresholdsTests.swift */ = {isa = PBXFileReference; lastKnownFileType = sourcecode.swift; path = ToxicityThresholdsTests.swift; sourceTree = "<group>"; };
		B1000002 /* DetectionPresentationTests.swift */ = {isa = PBXFileReference; lastKnownFileType = sourcecode.swift; path = DetectionPresentationTests.swift; sourceTree = "<group>"; };
		B1000003 /* AlertEngineTests.swift */ = {isa = PBXFileReference; lastKnownFileType = sourcecode.swift; path = AlertEngineTests.swift; sourceTree = "<group>"; };
		B1000004 /* CaptureEngineTests.swift */ = {isa = PBXFileReference; lastKnownFileType = sourcecode.swift; path = CaptureEngineTests.swift; sourceTree = "<group>"; };
		B3000001 /* LeafAlertTests.xctest */ = {isa = PBXFileReference; explicitFileType = wrapper.cfbundle; includeInIndex = 0; path = LeafAlertTests.xctest; sourceTree = BUILT_PRODUCTS_DIR; };
		A20000001 /* LeafAlertApp.swift */ = {isa = PBXFileReference; lastKnownFileType = sourcecode.swift; path = LeafAlertApp.swift; sourceTree = "<group>"; };
		A20000002 /* AppState.swift */ = {isa = PBXFileReference; lastKnownFileType = sourcecode.swift; path = AppState.swift; sourceTree = "<group>"; };
		A20000003 /* CaptureEngine.swift */ = {isa = PBXFileReference; lastKnownFileType = sourcecode.swift; path = CaptureEngine.swift; sourceTree = "<group>"; };
		A20000004 /* InferenceEngine.swift */ = {isa = PBXFileReference; lastKnownFileType = sourcecode.swift; path = InferenceEngine.swift; sourceTree = "<group>"; };
		A20000005 /* AlertEngine.swift */ = {isa = PBXFileReference; lastKnownFileType = sourcecode.swift; path = AlertEngine.swift; sourceTree = "<group>"; };
		A20000006 /* DetectionLogStore.swift */ = {isa = PBXFileReference; lastKnownFileType = sourcecode.swift; path = DetectionLogStore.swift; sourceTree = "<group>"; };
		A20000007 /* HomeView.swift */ = {isa = PBXFileReference; lastKnownFileType = sourcecode.swift; path = HomeView.swift; sourceTree = "<group>"; };
		A20000008 /* PatrolView.swift */ = {isa = PBXFileReference; lastKnownFileType = sourcecode.swift; path = PatrolView.swift; sourceTree = "<group>"; };
		A20000009 /* AROverlayView.swift */ = {isa = PBXFileReference; lastKnownFileType = sourcecode.swift; path = AROverlayView.swift; sourceTree = "<group>"; };
		A20000010 /* PatrolMapView.swift */ = {isa = PBXFileReference; lastKnownFileType = sourcecode.swift; path = PatrolMapView.swift; sourceTree = "<group>"; };
		A20000011 /* PlantDetailView.swift */ = {isa = PBXFileReference; lastKnownFileType = sourcecode.swift; path = PlantDetailView.swift; sourceTree = "<group>"; };
		A20000012 /* SettingsView.swift */ = {isa = PBXFileReference; lastKnownFileType = sourcecode.swift; path = SettingsView.swift; sourceTree = "<group>"; };
		A20000013 /* DetectionResult.swift */ = {isa = PBXFileReference; lastKnownFileType = sourcecode.swift; path = DetectionResult.swift; sourceTree = "<group>"; };
		A20000014 /* DetectionLog.swift */ = {isa = PBXFileReference; lastKnownFileType = sourcecode.swift; path = DetectionLog.swift; sourceTree = "<group>"; };
		A20000015 /* PlantInfo.swift */ = {isa = PBXFileReference; lastKnownFileType = sourcecode.swift; path = PlantInfo.swift; sourceTree = "<group>"; };
		A20000017 /* DetectionFormatting.swift */ = {isa = PBXFileReference; lastKnownFileType = sourcecode.swift; path = DetectionFormatting.swift; sourceTree = "<group>"; };
		A20000018 /* FeedbackExporter.swift */ = {isa = PBXFileReference; lastKnownFileType = sourcecode.swift; path = FeedbackExporter.swift; sourceTree = "<group>"; };
		A20000019 /* DebugDashboardView.swift */ = {isa = PBXFileReference; lastKnownFileType = sourcecode.swift; path = DebugDashboardView.swift; sourceTree = "<group>"; };
		A20000020 /* CameraPreviewView.swift */ = {isa = PBXFileReference; lastKnownFileType = sourcecode.swift; path = CameraPreviewView.swift; sourceTree = "<group>"; };
		A20000021 /* BoundingBoxOverlay.swift */ = {isa = PBXFileReference; lastKnownFileType = sourcecode.swift; path = BoundingBoxOverlay.swift; sourceTree = "<group>"; };
		A20000022 /* FeedbackUploader.swift */ = {isa = PBXFileReference; lastKnownFileType = sourcecode.swift; path = FeedbackUploader.swift; sourceTree = "<group>"; };
		A20000023 /* DebugFrameSaver.swift */ = {isa = PBXFileReference; lastKnownFileType = sourcecode.swift; path = DebugFrameSaver.swift; sourceTree = "<group>"; };
		A20000024 /* DebugCaptureReviewView.swift */ = {isa = PBXFileReference; lastKnownFileType = sourcecode.swift; path = DebugCaptureReviewView.swift; sourceTree = "<group>"; };
		A20000025 /* DataRecorder.swift */ = {isa = PBXFileReference; lastKnownFileType = sourcecode.swift; path = DataRecorder.swift; sourceTree = "<group>"; };
A20000016 /* Info.plist */ = {isa = PBXFileReference; lastKnownFileType = text.plist.xml; path = Info.plist; sourceTree = "<group>"; };
		A30000001 /* LeafAlert.app */ = {isa = PBXFileReference; explicitFileType = wrapper.application; includeInIndex = 0; path = LeafAlert.app; sourceTree = BUILT_PRODUCTS_DIR; };
		B20000001 /* AVFoundation.framework */ = {isa = PBXFileReference; lastKnownFileType = wrapper.framework; name = AVFoundation.framework; path = System/Library/Frameworks/AVFoundation.framework; sourceTree = SDKROOT; };
		B20000002 /* Vision.framework */ = {isa = PBXFileReference; lastKnownFileType = wrapper.framework; name = Vision.framework; path = System/Library/Frameworks/Vision.framework; sourceTree = SDKROOT; };
		B20000003 /* CoreML.framework */ = {isa = PBXFileReference; lastKnownFileType = wrapper.framework; name = CoreML.framework; path = System/Library/Frameworks/CoreML.framework; sourceTree = SDKROOT; };
		B20000004 /* ARKit.framework */ = {isa = PBXFileReference; lastKnownFileType = wrapper.framework; name = ARKit.framework; path = System/Library/Frameworks/ARKit.framework; sourceTree = SDKROOT; };
		B20000005 /* RealityKit.framework */ = {isa = PBXFileReference; lastKnownFileType = wrapper.framework; name = RealityKit.framework; path = System/Library/Frameworks/RealityKit.framework; sourceTree = SDKROOT; };
		B20000006 /* MapKit.framework */ = {isa = PBXFileReference; lastKnownFileType = wrapper.framework; name = MapKit.framework; path = System/Library/Frameworks/MapKit.framework; sourceTree = SDKROOT; };
		B20000007 /* CoreLocation.framework */ = {isa = PBXFileReference; lastKnownFileType = wrapper.framework; name = CoreLocation.framework; path = System/Library/Frameworks/CoreLocation.framework; sourceTree = SDKROOT; };
		B20000008 /* CoreMotion.framework */ = {isa = PBXFileReference; lastKnownFileType = wrapper.framework; name = CoreMotion.framework; path = System/Library/Frameworks/CoreMotion.framework; sourceTree = SDKROOT; };
		B20000009 /* AudioToolbox.framework */ = {isa = PBXFileReference; lastKnownFileType = wrapper.framework; name = AudioToolbox.framework; path = System/Library/Frameworks/AudioToolbox.framework; sourceTree = SDKROOT; };
		B20000010 /* Assets.xcassets */ = {isa = PBXFileReference; lastKnownFileType = folder.assetcatalog; path = Assets.xcassets; sourceTree = "<group>"; };
		C20000001 /* PlantDetector.mlpackage */ = {isa = PBXFileReference; lastKnownFileType = folder.mlpackage; path = PlantDetector.mlpackage; sourceTree = "<group>"; };
		C1000001 /* LaunchRouteSmokeTests.swift */ = {isa = PBXFileReference; lastKnownFileType = sourcecode.swift; path = LaunchRouteSmokeTests.swift; sourceTree = "<group>"; };
		C3000001 /* LeafAlertUITests.xctest */ = {isa = PBXFileReference; explicitFileType = wrapper.cfbundle; includeInIndex = 0; path = LeafAlertUITests.xctest; sourceTree = BUILT_PRODUCTS_DIR; };
/* End PBXFileReference section */

/* Begin PBXFrameworksBuildPhase section */
		B6000002 /* Frameworks */ = {
			isa = PBXFrameworksBuildPhase;
			buildActionMask = 2147483647;
			files = (
			);
			runOnlyForDeploymentPostprocessing = 0;
		};
		A40000001 /* Frameworks */ = {
			isa = PBXFrameworksBuildPhase;
			buildActionMask = 2147483647;
			files = (
				B10000001 /* AVFoundation.framework in Frameworks */,
				B10000002 /* Vision.framework in Frameworks */,
				B10000003 /* CoreML.framework in Frameworks */,
				B10000004 /* ARKit.framework in Frameworks */,
				B10000005 /* RealityKit.framework in Frameworks */,
				B10000006 /* MapKit.framework in Frameworks */,
				B10000007 /* CoreLocation.framework in Frameworks */,
				B10000008 /* CoreMotion.framework in Frameworks */,
				B10000009 /* AudioToolbox.framework in Frameworks */,
			);
			runOnlyForDeploymentPostprocessing = 0;
		};
		C6000002 /* Frameworks */ = {
			isa = PBXFrameworksBuildPhase;
			buildActionMask = 2147483647;
			files = (
			);
			runOnlyForDeploymentPostprocessing = 0;
		};
/* End PBXFrameworksBuildPhase section */

/* Begin PBXGroup section */
		B4000001 /* LeafAlertTests */ = {
			isa = PBXGroup;
			children = (
				B1000001 /* ToxicityThresholdsTests.swift */,
				B1000002 /* DetectionPresentationTests.swift */,
				B1000003 /* AlertEngineTests.swift */,
				B1000004 /* CaptureEngineTests.swift */,
			);
			path = LeafAlertTests;
			sourceTree = "<group>";
		};
		A50000001 = {
			isa = PBXGroup;
			children = (
				A50000002 /* LeafAlert */,
				B50000001 /* Frameworks */,
				B4000001 /* LeafAlertTests */,
				C4000001 /* LeafAlertUITests */,
				A50000009 /* Products */,
			);
			sourceTree = "<group>";
		};
		A50000002 /* LeafAlert */ = {
			isa = PBXGroup;
			children = (
				A50000003 /* App */,
				A50000004 /* Engines */,
				A50000005 /* Stores */,
				A50000006 /* Views */,
				A50000007 /* Models */,
				A50000008 /* Resources */,
				B20000010 /* Assets.xcassets */,
				A20000016 /* Info.plist */,

			);
			path = LeafAlert;
			sourceTree = "<group>";
		};
		A50000003 /* App */ = {
			isa = PBXGroup;
			children = (
				A20000001 /* LeafAlertApp.swift */,
				A20000002 /* AppState.swift */,
			);
			path = App;
			sourceTree = "<group>";
		};
		A50000004 /* Engines */ = {
			isa = PBXGroup;
			children = (
				A20000003 /* CaptureEngine.swift */,
				A20000025 /* DataRecorder.swift */,
				A20000004 /* InferenceEngine.swift */,
				A20000005 /* AlertEngine.swift */,
			);
			path = Engines;
			sourceTree = "<group>";
		};
		A50000005 /* Stores */ = {
			isa = PBXGroup;
			children = (
				A20000006 /* DetectionLogStore.swift */,
				A20000018 /* FeedbackExporter.swift */,
				A20000023 /* DebugFrameSaver.swift */,
				A20000022 /* FeedbackUploader.swift */,
			);
			path = Stores;
			sourceTree = "<group>";
		};
		A50000006 /* Views */ = {
			isa = PBXGroup;
			children = (
				A20000007 /* HomeView.swift */,
				A20000008 /* PatrolView.swift */,
				A20000009 /* AROverlayView.swift */,
				A20000010 /* PatrolMapView.swift */,
				A20000011 /* PlantDetailView.swift */,
				A20000012 /* SettingsView.swift */,
				A20000017 /* DetectionFormatting.swift */,
				A20000019 /* DebugDashboardView.swift */,
				A20000024 /* DebugCaptureReviewView.swift */,
				A20000020 /* CameraPreviewView.swift */,
				A20000021 /* BoundingBoxOverlay.swift */,
			);
			path = Views;
			sourceTree = "<group>";
		};
		A50000007 /* Models */ = {
			isa = PBXGroup;
			children = (
				A20000013 /* DetectionResult.swift */,
				A20000014 /* DetectionLog.swift */,
				A20000015 /* PlantInfo.swift */,
			);
			path = Models;
			sourceTree = "<group>";
		};
		A50000008 /* Resources */ = {
			isa = PBXGroup;
			children = (
				A50000010 /* MLModels */,
			);
			path = Resources;
			sourceTree = "<group>";
		};
		A50000009 /* Products */ = {
			isa = PBXGroup;
			children = (
				A30000001 /* LeafAlert.app */,
				B3000001 /* LeafAlertTests.xctest */,
				C3000001 /* LeafAlertUITests.xctest */,
			);
			name = Products;
			sourceTree = "<group>";
		};
		A50000010 /* MLModels */ = {
			isa = PBXGroup;
			children = (
				C20000001 /* PlantDetector.mlpackage */,
			);
			path = MLModels;
			sourceTree = "<group>";
		};
		B50000001 /* Frameworks */ = {
			isa = PBXGroup;
			children = (
				B20000001 /* AVFoundation.framework */,
				B20000002 /* Vision.framework */,
				B20000003 /* CoreML.framework */,
				B20000004 /* ARKit.framework */,
				B20000005 /* RealityKit.framework */,
				B20000006 /* MapKit.framework */,
				B20000007 /* CoreLocation.framework */,
				B20000008 /* CoreMotion.framework */,
				B20000009 /* AudioToolbox.framework */,
			);
			name = Frameworks;
			sourceTree = "<group>";
		};
		C4000001 /* LeafAlertUITests */ = {
			isa = PBXGroup;
			children = (
				C1000001 /* LaunchRouteSmokeTests.swift */,
			);
			path = LeafAlertUITests;
			sourceTree = "<group>";
		};
/* End PBXGroup section */

/* Begin PBXNativeTarget section */
		B5000001 /* LeafAlertTests */ = {
			isa = PBXNativeTarget;
			buildConfigurationList = B7000001 /* Build configuration list for PBXNativeTarget "LeafAlertTests" */;
			buildPhases = (
				B6000001 /* Sources */,
				B6000002 /* Frameworks */,
			);
			buildRules = (
			);
			dependencies = (
				B8000001 /* PBXTargetDependency */,
			);
			name = LeafAlertTests;
			productName = LeafAlertTests;
			productReference = B3000001 /* LeafAlertTests.xctest */;
			productType = "com.apple.product-type.bundle.unit-test";
		};
		A60000001 /* LeafAlert */ = {
			isa = PBXNativeTarget;
			buildConfigurationList = A80000003 /* Build configuration list for PBXNativeTarget "LeafAlert" */;
			buildPhases = (
				A70000001 /* Sources */,
				A40000001 /* Frameworks */,
				A90000001 /* Resources */,
			);
			buildRules = (
			);
			dependencies = (
			);
			name = LeafAlert;
			productName = LeafAlert;
			productReference = A30000001 /* LeafAlert.app */;
			productType = "com.apple.product-type.application";
		};
		C5000001 /* LeafAlertUITests */ = {
			isa = PBXNativeTarget;
			buildConfigurationList = C7000001 /* Build configuration list for PBXNativeTarget "LeafAlertUITests" */;
			buildPhases = (
				C6000001 /* Sources */,
				C6000002 /* Frameworks */,
			);
			buildRules = (
			);
			dependencies = (
				C8000001 /* PBXTargetDependency */,
			);
			name = LeafAlertUITests;
			productName = LeafAlertUITests;
			productReference = C3000001 /* LeafAlertUITests.xctest */;
			productType = "com.apple.product-type.bundle.ui-testing";
		};
/* End PBXNativeTarget section */

/* Begin PBXProject section */
		AA0000001 /* Project object */ = {
			isa = PBXProject;
			attributes = {
				BuildIndependentTargetsInParallel = 1;
				LastSwiftUpdateCheck = 1500;
				LastUpgradeCheck = 1500;
				TargetAttributes = {
					A60000001 = {
						CreatedOnToolsVersion = 15.0;
					};
					B5000001 = {
						CreatedOnToolsVersion = 15.0;
						TestTargetID = A60000001;
					};
					C5000001 = {
						CreatedOnToolsVersion = 15.0;
						TestTargetID = A60000001;
					};
				};
			};
			buildConfigurationList = A80000001 /* Build configuration list for PBXProject "LeafAlert" */;
			compatibilityVersion = "Xcode 14.0";
			developmentRegion = en;
			hasScannedForEncodings = 0;
			knownRegions = (
				en,
				Base,
			);
			mainGroup = A50000001;
			productRefGroup = A50000009 /* Products */;
			projectDirPath = "";
			projectRoot = "";
			targets = (
				A60000001 /* LeafAlert */,
				B5000001 /* LeafAlertTests */,
				C5000001 /* LeafAlertUITests */,
			);
		};
/* End PBXProject section */

/* Begin PBXResourcesBuildPhase section */
		A90000001 /* Resources */ = {
			isa = PBXResourcesBuildPhase;
			buildActionMask = 2147483647;
			files = (
				B10000010 /* Assets.xcassets in Resources */,
			);
			runOnlyForDeploymentPostprocessing = 0;
		};
/* End PBXResourcesBuildPhase section */

/* Begin PBXSourcesBuildPhase section */
		B6000001 /* Sources */ = {
			isa = PBXSourcesBuildPhase;
			buildActionMask = 2147483647;
			files = (
				B2000001 /* ToxicityThresholdsTests.swift in Sources */,
				B2000002 /* DetectionPresentationTests.swift in Sources */,
				B2000003 /* AlertEngineTests.swift in Sources */,
				B2000004 /* CaptureEngineTests.swift in Sources */,
			);
			runOnlyForDeploymentPostprocessing = 0;
		};
		A70000001 /* Sources */ = {
			isa = PBXSourcesBuildPhase;
			buildActionMask = 2147483647;
			files = (
				A10000001 /* LeafAlertApp.swift in Sources */,
				A10000002 /* AppState.swift in Sources */,
				A10000003 /* CaptureEngine.swift in Sources */,
				A10000004 /* InferenceEngine.swift in Sources */,
				A10000005 /* AlertEngine.swift in Sources */,
				A10000006 /* DetectionLogStore.swift in Sources */,
				A10000007 /* HomeView.swift in Sources */,
				A10000008 /* PatrolView.swift in Sources */,
				A10000009 /* AROverlayView.swift in Sources */,
				A10000010 /* PatrolMapView.swift in Sources */,
				A10000011 /* PlantDetailView.swift in Sources */,
				A10000012 /* SettingsView.swift in Sources */,
				A10000013 /* DetectionResult.swift in Sources */,
				A10000014 /* DetectionLog.swift in Sources */,
				A10000015 /* PlantInfo.swift in Sources */,
				A10000016 /* DetectionFormatting.swift in Sources */,
				A10000018 /* FeedbackExporter.swift in Sources */,
				A10000023 /* DebugFrameSaver.swift in Sources */,
				A10000024 /* DebugCaptureReviewView.swift in Sources */,
				A10000025 /* DataRecorder.swift in Sources */,
				A10000022 /* FeedbackUploader.swift in Sources */,
				A10000019 /* DebugDashboardView.swift in Sources */,
				A10000020 /* CameraPreviewView.swift in Sources */,
				A10000021 /* BoundingBoxOverlay.swift in Sources */,
				C10000001 /* PlantDetector.mlpackage in Sources */,
			);
			runOnlyForDeploymentPostprocessing = 0;
		};
		C6000001 /* Sources */ = {
			isa = PBXSourcesBuildPhase;
			buildActionMask = 2147483647;
			files = (
				C2000001 /* LaunchRouteSmokeTests.swift in Sources */,
			);
			runOnlyForDeploymentPostprocessing = 0;
		};
/* End PBXSourcesBuildPhase section */

/* Begin PBXTargetDependency section */
		B8000001 /* PBXTargetDependency */ = {
			isa = PBXTargetDependency;
			target = A60000001 /* LeafAlert */;
			targetProxy = B8000002 /* PBXContainerItemProxy */;
		};
		C8000001 /* PBXTargetDependency */ = {
			isa = PBXTargetDependency;
			target = A60000001 /* LeafAlert */;
			targetProxy = C8000002 /* PBXContainerItemProxy */;
		};
/* End PBXTargetDependency section */

/* Begin XCBuildConfiguration section */
		B7000002 /* Debug */ = {
			isa = XCBuildConfiguration;
			buildSettings = {
				BUNDLE_LOADER = "$(TEST_HOST)";
				CODE_SIGN_STYLE = Automatic;
				CURRENT_PROJECT_VERSION = 1;
				DEVELOPMENT_TEAM = KYU8WP2RG7;
				GENERATE_INFOPLIST_FILE = YES;
				IPHONEOS_DEPLOYMENT_TARGET = 17.0;
				MARKETING_VERSION = 1.0.0;
				PRODUCT_BUNDLE_IDENTIFIER = com.leafalert.app.tests;
				PRODUCT_NAME = "$(TARGET_NAME)";
				SWIFT_EMIT_LOC_STRINGS = NO;
				SWIFT_VERSION = 5.0;
				TARGETED_DEVICE_FAMILY = "1,2";
				TEST_HOST = "$(BUILT_PRODUCTS_DIR)/LeafAlert.app/$(BUNDLE_EXECUTABLE_FOLDER_PATH)/LeafAlert";
			};
			name = Debug;
		};
		B7000003 /* Release */ = {
			isa = XCBuildConfiguration;
			buildSettings = {
				BUNDLE_LOADER = "$(TEST_HOST)";
				CODE_SIGN_STYLE = Automatic;
				CURRENT_PROJECT_VERSION = 1;
				DEVELOPMENT_TEAM = KYU8WP2RG7;
				GENERATE_INFOPLIST_FILE = YES;
				IPHONEOS_DEPLOYMENT_TARGET = 17.0;
				MARKETING_VERSION = 1.0.0;
				PRODUCT_BUNDLE_IDENTIFIER = com.leafalert.app.tests;
				PRODUCT_NAME = "$(TARGET_NAME)";
				SWIFT_EMIT_LOC_STRINGS = NO;
				SWIFT_VERSION = 5.0;
				TARGETED_DEVICE_FAMILY = "1,2";
				TEST_HOST = "$(BUILT_PRODUCTS_DIR)/LeafAlert.app/$(BUNDLE_EXECUTABLE_FOLDER_PATH)/LeafAlert";
			};
			name = Release;
		};
		AB0000001 /* Debug */ = {
			isa = XCBuildConfiguration;
			buildSettings = {
				ALWAYS_SEARCH_USER_PATHS = NO;
				ASSETCATALOG_COMPILER_GENERATE_SWIFT_ASSET_SYMBOL_EXTENSIONS = YES;
				CLANG_ANALYZER_NONNULL = YES;
				CLANG_CXX_LANGUAGE_STANDARD = "gnu++20";
				CLANG_ENABLE_MODULES = YES;
				CLANG_ENABLE_OBJC_ARC = YES;
				COPY_PHASE_STRIP = NO;
				DEBUG_INFORMATION_FORMAT = dwarf;
				ENABLE_STRICT_OBJC_MSGSEND = YES;
				ENABLE_TESTABILITY = YES;
				GCC_DYNAMIC_NO_PIC = NO;
				GCC_OPTIMIZATION_LEVEL = 0;
				GCC_PREPROCESSOR_DEFINITIONS = (
					"DEBUG=1",
					"$(inherited)",
				);
				GCC_WARN_ABOUT_RETURN_TYPE = YES_ERROR;
				GCC_WARN_UNINITIALIZED_AUTOS = YES_AGGRESSIVE;
				IPHONEOS_DEPLOYMENT_TARGET = 17.0;
				MTL_ENABLE_DEBUG_INFO = INCLUDE_SOURCE;
				ONLY_ACTIVE_ARCH = YES;
				SDKROOT = iphoneos;
				SWIFT_ACTIVE_COMPILATION_CONDITIONS = "$(inherited) DEBUG";
				SWIFT_OPTIMIZATION_LEVEL = "-Onone";
			};
			name = Debug;
		};
		AB0000002 /* Release */ = {
			isa = XCBuildConfiguration;
			buildSettings = {
				ALWAYS_SEARCH_USER_PATHS = NO;
				ASSETCATALOG_COMPILER_GENERATE_SWIFT_ASSET_SYMBOL_EXTENSIONS = YES;
				CLANG_ANALYZER_NONNULL = YES;
				CLANG_CXX_LANGUAGE_STANDARD = "gnu++20";
				CLANG_ENABLE_MODULES = YES;
				CLANG_ENABLE_OBJC_ARC = YES;
				COPY_PHASE_STRIP = NO;
				DEBUG_INFORMATION_FORMAT = "dwarf-with-dsym";
				ENABLE_NS_ASSERTIONS = NO;
				ENABLE_STRICT_OBJC_MSGSEND = YES;
				GCC_WARN_ABOUT_RETURN_TYPE = YES_ERROR;
				GCC_WARN_UNINITIALIZED_AUTOS = YES_AGGRESSIVE;
				IPHONEOS_DEPLOYMENT_TARGET = 17.0;
				SDKROOT = iphoneos;
				SWIFT_COMPILATION_MODE = wholemodule;
				VALIDATE_PRODUCT = YES;
			};
			name = Release;
		};
		AB0000003 /* Debug */ = {
			isa = XCBuildConfiguration;
			buildSettings = {
				ASSETCATALOG_COMPILER_APPICON_NAME = AppIcon;

				CODE_SIGN_STYLE = Automatic;
				CURRENT_PROJECT_VERSION = 1;
				DEVELOPMENT_TEAM = KYU8WP2RG7;
				GENERATE_INFOPLIST_FILE = NO;
				INFOPLIST_FILE = LeafAlert/Info.plist;
				INFOPLIST_KEY_CFBundleDisplayName = LeafAlert;
				INFOPLIST_KEY_LSApplicationCategoryType = "public.app-category.healthcare-fitness";
				LD_RUNPATH_SEARCH_PATHS = (
					"$(inherited)",
					"@executable_path/Frameworks",
				);
				MARKETING_VERSION = 1.0.0;
				PRODUCT_BUNDLE_IDENTIFIER = com.leafalert.app;
				PRODUCT_NAME = "$(TARGET_NAME)";
				SUPPORTED_PLATFORMS = "iphoneos iphonesimulator";
				SUPPORTS_MACCATALYST = NO;
				SWIFT_EMIT_LOC_STRINGS = YES;
				SWIFT_VERSION = 5.9;
				TARGETED_DEVICE_FAMILY = 1;
			};
			name = Debug;
		};
		AB0000004 /* Release */ = {
			isa = XCBuildConfiguration;
			buildSettings = {
				ASSETCATALOG_COMPILER_APPICON_NAME = AppIcon;

				CODE_SIGN_STYLE = Automatic;
				CURRENT_PROJECT_VERSION = 1;
				DEVELOPMENT_TEAM = KYU8WP2RG7;
				GENERATE_INFOPLIST_FILE = NO;
				INFOPLIST_FILE = LeafAlert/Info.plist;
				INFOPLIST_KEY_CFBundleDisplayName = LeafAlert;
				INFOPLIST_KEY_LSApplicationCategoryType = "public.app-category.healthcare-fitness";
				LD_RUNPATH_SEARCH_PATHS = (
					"$(inherited)",
					"@executable_path/Frameworks",
				);
				MARKETING_VERSION = 1.0.0;
				PRODUCT_BUNDLE_IDENTIFIER = com.leafalert.app;
				PRODUCT_NAME = "$(TARGET_NAME)";
				SUPPORTED_PLATFORMS = "iphoneos iphonesimulator";
				SUPPORTS_MACCATALYST = NO;
				SWIFT_EMIT_LOC_STRINGS = YES;
				SWIFT_VERSION = 5.9;
				TARGETED_DEVICE_FAMILY = 1;
			};
			name = Release;
		};
		C7000002 /* Debug */ = {
			isa = XCBuildConfiguration;
			buildSettings = {
				CODE_SIGN_STYLE = Automatic;
				CURRENT_PROJECT_VERSION = 1;
				DEVELOPMENT_TEAM = KYU8WP2RG7;
				GENERATE_INFOPLIST_FILE = YES;
				IPHONEOS_DEPLOYMENT_TARGET = 17.0;
				MARKETING_VERSION = 1.0.0;
				PRODUCT_BUNDLE_IDENTIFIER = com.leafalert.app.uitests;
				PRODUCT_NAME = "$(TARGET_NAME)";
				SWIFT_EMIT_LOC_STRINGS = NO;
				SWIFT_VERSION = 5.0;
				TARGETED_DEVICE_FAMILY = "1,2";
				TEST_TARGET_NAME = LeafAlert;
			};
			name = Debug;
		};
		C7000003 /* Release */ = {
			isa = XCBuildConfiguration;
			buildSettings = {
				CODE_SIGN_STYLE = Automatic;
				CURRENT_PROJECT_VERSION = 1;
				DEVELOPMENT_TEAM = KYU8WP2RG7;
				GENERATE_INFOPLIST_FILE = YES;
				IPHONEOS_DEPLOYMENT_TARGET = 17.0;
				MARKETING_VERSION = 1.0.0;
				PRODUCT_BUNDLE_IDENTIFIER = com.leafalert.app.uitests;
				PRODUCT_NAME = "$(TARGET_NAME)";
				SWIFT_EMIT_LOC_STRINGS = NO;
				SWIFT_VERSION = 5.0;
				TARGETED_DEVICE_FAMILY = "1,2";
				TEST_TARGET_NAME = LeafAlert;
			};
			name = Release;
		};
/* End XCBuildConfiguration section */

/* Begin XCConfigurationList section */
		B7000001 /* Build configuration list for PBXNativeTarget "LeafAlertTests" */ = {
			isa = XCConfigurationList;
			buildConfigurations = (
				B7000002 /* Debug */,
				B7000003 /* Release */,
			);
			defaultConfigurationIsVisible = 0;
			defaultConfigurationName = Release;
		};
		A80000001 /* Build configuration list for PBXProject "LeafAlert" */ = {
			isa = XCConfigurationList;
			buildConfigurations = (
				AB0000001 /* Debug */,
				AB0000002 /* Release */,
			);
			defaultConfigurationIsVisible = 0;
			defaultConfigurationName = Release;
		};
		A80000003 /* Build configuration list for PBXNativeTarget "LeafAlert" */ = {
			isa = XCConfigurationList;
			buildConfigurations = (
				AB0000003 /* Debug */,
				AB0000004 /* Release */,
			);
			defaultConfigurationIsVisible = 0;
			defaultConfigurationName = Release;
		};
		C7000001 /* Build configuration list for PBXNativeTarget "LeafAlertUITests" */ = {
			isa = XCConfigurationList;
			buildConfigurations = (
				C7000002 /* Debug */,
				C7000003 /* Release */,
			);
			defaultConfigurationIsVisible = 0;
			defaultConfigurationName = Release;
		};
/* End XCConfigurationList section */

	};
	rootObject = AA0000001 /* Project object */;
}
